// !$*UTF8*$!
{
	archiveVersion = 1;
	classes = {
	};
	objectVersion = 48;
	objects = {

/* Begin PBXBuildFile section */
		3087A61F21651EC600EAB49A /* AddViewController.swift in Sources */ = {isa = PBXBuildFile; fileRef = 3087A61E21651EC600EAB49A /* AddViewController.swift */; };
		30EDB4822164EEB3007F0ACD /* AppDelegate.swift in Sources */ = {isa = PBXBuildFile; fileRef = 30EDB4812164EEB3007F0ACD /* AppDelegate.swift */; };
		30EDB4842164EEB3007F0ACD /* ViewController.swift in Sources */ = {isa = PBXBuildFile; fileRef = 30EDB4832164EEB3007F0ACD /* ViewController.swift */; };
		30EDB4872164EEB3007F0ACD /* Main.storyboard in Resources */ = {isa = PBXBuildFile; fileRef = 30EDB4852164EEB3007F0ACD /* Main.storyboard */; };
		30EDB4892164EEB3007F0ACD /* Assets.xcassets in Resources */ = {isa = PBXBuildFile; fileRef = 30EDB4882164EEB3007F0ACD /* Assets.xcassets */; };
		30EDB48C2164EEB3007F0ACD /* LaunchScreen.storyboard in Resources */ = {isa = PBXBuildFile; fileRef = 30EDB48A2164EEB3007F0ACD /* LaunchScreen.storyboard */; };
		30EDB4942164F86C007F0ACD /* NoteCell.swift in Sources */ = {isa = PBXBuildFile; fileRef = 30EDB4932164F86C007F0ACD /* NoteCell.swift */; };
		30EDB4962164FAE9007F0ACD /* Item.swift in Sources */ = {isa = PBXBuildFile; fileRef = 30EDB4952164FAE9007F0ACD /* Item.swift */; };
/* End PBXBuildFile section */

/* Begin PBXFileReference section */
		3087A61E21651EC600EAB49A /* AddViewController.swift */ = {isa = PBXFileReference; lastKnownFileType = sourcecode.swift; path = AddViewController.swift; sourceTree = "<group>"; };
		30EDB47E2164EEB3007F0ACD /* day02.app */ = {isa = PBXFileReference; explicitFileType = wrapper.application; includeInIndex = 0; path = day02.app; sourceTree = BUILT_PRODUCTS_DIR; };
		30EDB4812164EEB3007F0ACD /* AppDelegate.swift */ = {isa = PBXFileReference; lastKnownFileType = sourcecode.swift; path = AppDelegate.swift; sourceTree = "<group>"; };
		30EDB4832164EEB3007F0ACD /* ViewController.swift */ = {isa = PBXFileReference; lastKnownFileType = sourcecode.swift; path = ViewController.swift; sourceTree = "<group>"; };
		30EDB4862164EEB3007F0ACD /* Base */ = {isa = PBXFileReference; lastKnownFileType = file.storyboard; name = Base; path = Base.lproj/Main.storyboard; sourceTree = "<group>"; };
		30EDB4882164EEB3007F0ACD /* Assets.xcassets */ = {isa = PBXFileReference; lastKnownFileType = folder.assetcatalog; path = Assets.xcassets; sourceTree = "<group>"; };
		30EDB48B2164EEB3007F0ACD /* Base */ = {isa = PBXFileReference; lastKnownFileType = file.storyboard; name = Base; path = Base.lproj/LaunchScreen.storyboard; sourceTree = "<group>"; };
		30EDB48D2164EEB3007F0ACD /* Info.plist */ = {isa = PBXFileReference; lastKnownFileType = text.plist.xml; path = Info.plist; sourceTree = "<group>"; };
		30EDB4932164F86C007F0ACD /* NoteCell.swift */ = {isa = PBXFileReference; lastKnownFileType = sourcecode.swift; path = NoteCell.swift; sourceTree = "<group>"; };
		30EDB4952164FAE9007F0ACD /* Item.swift */ = {isa = PBXFileReference; lastKnownFileType = sourcecode.swift; path = Item.swift; sourceTree = "<group>"; };
/* End PBXFileReference section */

/* Begin PBXFrameworksBuildPhase section */
		30EDB47B2164EEB3007F0ACD /* Frameworks */ = {
			isa = PBXFrameworksBuildPhase;
			buildActionMask = 2147483647;
			files = (
			);
			runOnlyForDeploymentPostprocessing = 0;
		};
/* End PBXFrameworksBuildPhase section */

/* Begin PBXGroup section */
		30EDB4752164EEB2007F0ACD = {
			isa = PBXGroup;
			children = (
				30EDB4802164EEB3007F0ACD /* day02 */,
				30EDB47F2164EEB3007F0ACD /* Products */,
			);
			sourceTree = "<group>";
		};
		30EDB47F2164EEB3007F0ACD /* Products */ = {
			isa = PBXGroup;
			children = (
				30EDB47E2164EEB3007F0ACD /* day02.app */,
			);
			name = Products;
			sourceTree = "<group>";
		};
		30EDB4802164EEB3007F0ACD /* day02 */ = {
			isa = PBXGroup;
			children = (
				30EDB4812164EEB3007F0ACD /* AppDelegate.swift */,
				30EDB4932164F86C007F0ACD /* NoteCell.swift */,
				30EDB4832164EEB3007F0ACD /* ViewController.swift */,
				3087A61E21651EC600EAB49A /* AddViewController.swift */,
				30EDB4952164FAE9007F0ACD /* Item.swift */,
				30EDB4852164EEB3007F0ACD /* Main.storyboard */,
				30EDB4882164EEB3007F0ACD /* Assets.xcassets */,
				30EDB48A2164EEB3007F0ACD /* LaunchScreen.storyboard */,
				30EDB48D2164EEB3007F0ACD /* Info.plist */,
			);
			path = day02;
			sourceTree = "<group>";
		};
/* End PBXGroup section */

/* Begin PBXNativeTarget section */
		30EDB47D2164EEB3007F0ACD /* day02 */ = {
			isa = PBXNativeTarget;
			buildConfigurationList = 30EDB4902164EEB3007F0ACD /* Build configuration list for PBXNativeTarget "day02" */;
			buildPhases = (
				30EDB47A2164EEB3007F0ACD /* Sources */,
				30EDB47B2164EEB3007F0ACD /* Frameworks */,
				30EDB47C2164EEB3007F0ACD /* Resources */,
			);
			buildRules = (
			);
			dependencies = (
			);
			name = day02;
			productName = day02;
			productReference = 30EDB47E2164EEB3007F0ACD /* day02.app */;
			productType = "com.apple.product-type.application";
		};
/* End PBXNativeTarget section */

/* Begin PBXProject section */
		30EDB4762164EEB2007F0ACD /* Project object */ = {
			isa = PBXProject;
			attributes = {
				LastSwiftUpdateCheck = 0920;
				LastUpgradeCheck = 0920;
				ORGANIZATIONNAME = "Ivan Zelenskyi";
				TargetAttributes = {
					30EDB47D2164EEB3007F0ACD = {
						CreatedOnToolsVersion = 9.2;
						ProvisioningStyle = Automatic;
					};
				};
			};
			buildConfigurationList = 30EDB4792164EEB2007F0ACD /* Build configuration list for PBXProject "day02" */;
			compatibilityVersion = "Xcode 8.0";
			developmentRegion = en;
			hasScannedForEncodings = 0;
			knownRegions = (
				en,
				Base,
			);
			mainGroup = 30EDB4752164EEB2007F0ACD;
			productRefGroup = 30EDB47F2164EEB3007F0ACD /* Products */;
			projectDirPath = "";
			projectRoot = "";
			targets = (
				30EDB47D2164EEB3007F0ACD /* day02 */,
			);
		};
/* End PBXProject section */

/* Begin PBXResourcesBuildPhase section */
		30EDB47C2164EEB3007F0ACD /* Resources */ = {
			isa = PBXResourcesBuildPhase;
			buildActionMask = 2147483647;
			files = (
				30EDB48C2164EEB3007F0ACD /* LaunchScreen.storyboard in Resources */,
				30EDB4892164EEB3007F0ACD /* Assets.xcassets in Resources */,
				30EDB4872164EEB3007F0ACD /* Main.storyboard in Resources */,
			);
			runOnlyForDeploymentPostprocessing = 0;
		};
/* End PBXResourcesBuildPhase section */

/* Begin PBXSourcesBuildPhase section */
		30EDB47A2164EEB3007F0ACD /* Sources */ = {
			isa = PBXSourcesBuildPhase;
			buildActionMask = 2147483647;
			files = (
				3087A61F21651EC600EAB49A /* AddViewController.swift in Sources */,
				30EDB4962164FAE9007F0ACD /* Item.swift in Sources */,
				30EDB4942164F86C007F0ACD /* NoteCell.swift in Sources */,
				30EDB4842164EEB3007F0ACD /* ViewController.swift in Sources */,
				30EDB4822164EEB3007F0ACD /* AppDelegate.swift in Sources */,
			);
			runOnlyForDeploymentPostprocessing = 0;
		};
/* End PBXSourcesBuildPhase section */

/* Begin PBXVariantGroup section */
		30EDB4852164EEB3007F0ACD /* Main.storyboard */ = {
			isa = PBXVariantGroup;
			children = (
				30EDB4862164EEB3007F0ACD /* Base */,
			);
			name = Main.storyboard;
			sourceTree = "<group>";
		};
		30EDB48A2164EEB3007F0ACD /* LaunchScreen.storyboard */ = {
			isa = PBXVariantGroup;
			children = (
				30EDB48B2164EEB3007F0ACD /* Base */,
			);
			name = LaunchScreen.storyboard;
			sourceTree = "<group>";
		};
/* End PBXVariantGroup section */

/* Begin XCBuildConfiguration section */
		30EDB48E2164EEB3007F0ACD /* Debug */ = {
			isa = XCBuildConfiguration;
			buildSettings = {
				ALWAYS_SEARCH_USER_PATHS = NO;
				CLANG_ANALYZER_NONNULL = YES;
				CLANG_ANALYZER_NUMBER_OBJECT_CONVERSION = YES_AGGRESSIVE;
				CLANG_CXX_LANGUAGE_STANDARD = "gnu++14";
				CLANG_CXX_LIBRARY = "libc++";
				CLANG_ENABLE_MODULES = YES;
				CLANG_ENABLE_OBJC_ARC = YES;
				CLANG_WARN_BLOCK_CAPTURE_AUTORELEASING = YES;
				CLANG_WARN_BOOL_CONVERSION = YES;
				CLANG_WARN_COMMA = YES;
				CLANG_WARN_CONSTANT_CONVERSION = YES;
				CLANG_WARN_DIRECT_OBJC_ISA_USAGE = YES_ERROR;
				CLANG_WARN_DOCUMENTATION_COMMENTS = YES;
				CLANG_WARN_EMPTY_BODY = YES;
				CLANG_WARN_ENUM_CONVERSION = YES;
				CLANG_WARN_INFINITE_RECURSION = YES;
				CLANG_WARN_INT_CONVERSION = YES;
				CLANG_WARN_NON_LITERAL_NULL_CONVERSION = YES;
				CLANG_WARN_OBJC_LITERAL_CONVERSION = YES;
				CLANG_WARN_OBJC_ROOT_CLASS = YES_ERROR;
				CLANG_WARN_RANGE_LOOP_ANALYSIS = YES;
				CLANG_WARN_STRICT_PROTOTYPES = YES;
				CLANG_WARN_SUSPICIOUS_MOVE = YES;
				CLANG_WARN_UNGUARDED_AVAILABILITY = YES_AGGRESSIVE;
				CLANG_WARN_UNREACHABLE_CODE = YES;
				CLANG_WARN__DUPLICATE_METHOD_MATCH = YES;
				CODE_SIGN_IDENTITY = "iPhone Developer";
				COPY_PHASE_STRIP = NO;
				DEBUG_INFORMATION_FORMAT = dwarf;
				ENABLE_STRICT_OBJC_MSGSEND = YES;
				ENABLE_TESTABILITY = YES;
				GCC_C_LANGUAGE_STANDARD = gnu11;
				GCC_DYNAMIC_NO_PIC = NO;
				GCC_NO_COMMON_BLOCKS = YES;
				GCC_OPTIMIZATION_LEVEL = 0;
				GCC_PREPROCESSOR_DEFINITIONS = (
					"DEBUG=1",
					"$(inherited)",
				);
				GCC_WARN_64_TO_32_BIT_CONVERSION = YES;
				GCC_WARN_ABOUT_RETURN_TYPE = YES_ERROR;
				GCC_WARN_UNDECLARED_SELECTOR = YES;
				GCC_WARN_UNINITIALIZED_AUTOS = YES_AGGRESSIVE;
				GCC_WARN_UNUSED_FUNCTION = YES;
				GCC_WARN_UNUSED_VARIABLE = YES;
				IPHONEOS_DEPLOYMENT_TARGET = 11.2;
				MTL_ENABLE_DEBUG_INFO = YES;
				ONLY_ACTIVE_ARCH = YES;
				SDKROOT = iphoneos;
				SWIFT_ACTIVE_COMPILATION_CONDITIONS = DEBUG;
				SWIFT_OPTIMIZATION_LEVEL = "-Onone";
			};
			name = Debug;
		};
		30EDB48F2164EEB3007F0ACD /* Release */ = {
			isa = XCBuildConfiguration;
			buildSettings = {
				ALWAYS_SEARCH_USER_PATHS = NO;
				CLANG_ANALYZER_NONNULL = YES;
				CLANG_ANALYZER_NUMBER_OBJECT_CONVERSION = YES_AGGRESSIVE;
				CLANG_CXX_LANGUAGE_STANDARD = "gnu++14";
				CLANG_CXX_LIBRARY = "libc++";
				CLANG_ENABLE_MODULES = YES;
				CLANG_ENABLE_OBJC_ARC = YES;
				CLANG_WARN_BLOCK_CAPTURE_AUTORELEASING = YES;
				CLANG_WARN_BOOL_CONVERSION = YES;
				CLANG_WARN_COMMA = YES;
				CLANG_WARN_CONSTANT_CONVERSION = YES;
				CLANG_WARN_DIRECT_OBJC_ISA_USAGE = YES_ERROR;
				CLANG_WARN_DOCUMENTATION_COMMENTS = YES;
				CLANG_WARN_EMPTY_BODY = YES;
				CLANG_WARN_ENUM_CONVERSION = YES;
				CLANG_WARN_INFINITE_RECURSION = YES;
				CLANG_WARN_INT_CONVERSION = YES;
				CLANG_WARN_NON_LITERAL_NULL_CONVERSION = YES;
				CLANG_WARN_OBJC_LITERAL_CONVERSION = YES;
				CLANG_WARN_OBJC_ROOT_CLASS = YES_ERROR;
				CLANG_WARN_RANGE_LOOP_ANALYSIS = YES;
				CLANG_WARN_STRICT_PROTOTYPES = YES;
				CLANG_WARN_SUSPICIOUS_MOVE = YES;
				CLANG_WARN_UNGUARDED_AVAILABILITY = YES_AGGRESSIVE;
				CLANG_WARN_UNREACHABLE_CODE = YES;
				CLANG_WARN__DUPLICATE_METHOD_MATCH = YES;
				CODE_SIGN_IDENTITY = "iPhone Developer";
				COPY_PHASE_STRIP = NO;
				DEBUG_INFORMATION_FORMAT = "dwarf-with-dsym";
				ENABLE_NS_ASSERTIONS = NO;
				ENABLE_STRICT_OBJC_MSGSEND = YES;
				GCC_C_LANGUAGE_STANDARD = gnu11;
				GCC_NO_COMMON_BLOCKS = YES;
				GCC_WARN_64_TO_32_BIT_CONVERSION = YES;
				GCC_WARN_ABOUT_RETURN_TYPE = YES_ERROR;
				GCC_WARN_UNDECLARED_SELECTOR = YES;
				GCC_WARN_UNINITIALIZED_AUTOS = YES_AGGRESSIVE;
				GCC_WARN_UNUSED_FUNCTION = YES;
				GCC_WARN_UNUSED_VARIABLE = YES;
				IPHONEOS_DEPLOYMENT_TARGET = 11.2;
				MTL_ENABLE_DEBUG_INFO = NO;
				SDKROOT = iphoneos;
				SWIFT_OPTIMIZATION_LEVEL = "-Owholemodule";
				VALIDATE_PRODUCT = YES;
			};
			name = Release;
		};
		30EDB4912164EEB3007F0ACD /* Debug */ = {
			isa = XCBuildConfiguration;
			buildSettings = {
				ASSETCATALOG_COMPILER_APPICON_NAME = AppIcon;
				CODE_SIGN_STYLE = Automatic;
				INFOPLIST_FILE = day02/Info.plist;
				LD_RUNPATH_SEARCH_PATHS = "$(inherited) @executable_path/Frameworks";
				PRODUCT_BUNDLE_IDENTIFIER = izelensk.day02;
				PRODUCT_NAME = "$(TARGET_NAME)";
				SWIFT_VERSION = 4.0;
				TARGETED_DEVICE_FAMILY = "1,2";
			};
			name = Debug;
		};
		30EDB4922164EEB3007F0ACD /* Release */ = {
			isa = XCBuildConfiguration;
			buildSettings = {
				ASSETCATALOG_COMPILER_APPICON_NAME = AppIcon;
				CODE_SIGN_STYLE = Automatic;
				INFOPLIST_FILE = day02/Info.plist;
				LD_RUNPATH_SEARCH_PATHS = "$(inherited) @executable_path/Frameworks";
				PRODUCT_BUNDLE_IDENTIFIER = izelensk.day02;
				PRODUCT_NAME = "$(TARGET_NAME)";
				SWIFT_VERSION = 4.0;
				TARGETED_DEVICE_FAMILY = "1,2";
			};
			name = Release;
		};
/* End XCBuildConfiguration section */

/* Begin XCConfigurationList section */
		30EDB4792164EEB2007F0ACD /* Build configuration list for PBXProject "day02" */ = {
			isa = XCConfigurationList;
			buildConfigurations = (
				30EDB48E2164EEB3007F0ACD /* Debug */,
				30EDB48F2164EEB3007F0ACD /* Release */,
			);
			defaultConfigurationIsVisible = 0;
			defaultConfigurationName = Release;
		};
		30EDB4902164EEB3007F0ACD /* Build configuration list for PBXNativeTarget "day02" */ = {
			isa = XCConfigurationList;
			buildConfigurations = (
				30EDB4912164EEB3007F0ACD /* Debug */,
				30EDB4922164EEB3007F0ACD /* Release */,
			);
			defaultConfigurationIsVisible = 0;
			defaultConfigurationName = Release;
		};
/* End XCConfigurationList section */
	};
	rootObject = 30EDB4762164EEB2007F0ACD /* Project object */;
}
