// !$*UTF8*$!
{
	archiveVersion = 1;
	classes = {
	};
	objectVersion = 48;
	objects = {

/* Begin PBXBuildFile section */
		30385CAD21720AFA002F648A /* AppDelegate.swift in Sources */ = {isa = PBXBuildFile; fileRef = 30385CAC21720AFA002F648A /* AppDelegate.swift */; };
		30385CAF21720AFA002F648A /* ViewController.swift in Sources */ = {isa = PBXBuildFile; fileRef = 30385CAE21720AFA002F648A /* ViewController.swift */; };
		30385CB221720AFA002F648A /* Main.storyboard in Resources */ = {isa = PBXBuildFile; fileRef = 30385CB021720AFA002F648A /* Main.storyboard */; };
		30385CB521720AFA002F648A /* rush01.xcdatamodeld in Sources */ = {isa = PBXBuildFile; fileRef = 30385CB321720AFA002F648A /* rush01.xcdatamodeld */; };
		30385CB721720AFA002F648A /* Assets.xcassets in Resources */ = {isa = PBXBuildFile; fileRef = 30385CB621720AFA002F648A /* Assets.xcassets */; };
		30385CBA21720AFA002F648A /* LaunchScreen.storyboard in Resources */ = {isa = PBXBuildFile; fileRef = 30385CB821720AFA002F648A /* LaunchScreen.storyboard */; };
		6BFCFCE97599064D843394DD /* Pods_rush01.framework in Frameworks */ = {isa = PBXBuildFile; fileRef = C7F4379CB4171B0ED2FA8946 /* Pods_rush01.framework */; };
/* End PBXBuildFile section */

/* Begin PBXFileReference section */
		30385CA921720AFA002F648A /* rush01.app */ = {isa = PBXFileReference; explicitFileType = wrapper.application; includeInIndex = 0; path = rush01.app; sourceTree = BUILT_PRODUCTS_DIR; };
		30385CAC21720AFA002F648A /* AppDelegate.swift */ = {isa = PBXFileReference; lastKnownFileType = sourcecode.swift; path = AppDelegate.swift; sourceTree = "<group>"; };
		30385CAE21720AFA002F648A /* ViewController.swift */ = {isa = PBXFileReference; lastKnownFileType = sourcecode.swift; path = ViewController.swift; sourceTree = "<group>"; };
		30385CB121720AFA002F648A /* Base */ = {isa = PBXFileReference; lastKnownFileType = file.storyboard; name = Base; path = Base.lproj/Main.storyboard; sourceTree = "<group>"; };
		30385CB421720AFA002F648A /* rush01.xcdatamodel */ = {isa = PBXFileReference; lastKnownFileType = wrapper.xcdatamodel; path = rush01.xcdatamodel; sourceTree = "<group>"; };
		30385CB621720AFA002F648A /* Assets.xcassets */ = {isa = PBXFileReference; lastKnownFileType = folder.assetcatalog; path = Assets.xcassets; sourceTree = "<group>"; };
		30385CB921720AFA002F648A /* Base */ = {isa = PBXFileReference; lastKnownFileType = file.storyboard; name = Base; path = Base.lproj/LaunchScreen.storyboard; sourceTree = "<group>"; };
		30385CBB21720AFA002F648A /* Info.plist */ = {isa = PBXFileReference; lastKnownFileType = text.plist.xml; path = Info.plist; sourceTree = "<group>"; };
		88849083D4819DDEA49BABCA /* Pods-rush01.release.xcconfig */ = {isa = PBXFileReference; includeInIndex = 1; lastKnownFileType = text.xcconfig; name = "Pods-rush01.release.xcconfig"; path = "Pods/Target Support Files/Pods-rush01/Pods-rush01.release.xcconfig"; sourceTree = "<group>"; };
		A7885A78BB2CC6C3E4A7F625 /* Pods-rush01.debug.xcconfig */ = {isa = PBXFileReference; includeInIndex = 1; lastKnownFileType = text.xcconfig; name = "Pods-rush01.debug.xcconfig"; path = "Pods/Target Support Files/Pods-rush01/Pods-rush01.debug.xcconfig"; sourceTree = "<group>"; };
		C7F4379CB4171B0ED2FA8946 /* Pods_rush01.framework */ = {isa = PBXFileReference; explicitFileType = wrapper.framework; includeInIndex = 0; path = Pods_rush01.framework; sourceTree = BUILT_PRODUCTS_DIR; };
/* End PBXFileReference section */

/* Begin PBXFrameworksBuildPhase section */
		30385CA621720AFA002F648A /* Frameworks */ = {
			isa = PBXFrameworksBuildPhase;
			buildActionMask = 2147483647;
			files = (
				6BFCFCE97599064D843394DD /* Pods_rush01.framework in Frameworks */,
			);
			runOnlyForDeploymentPostprocessing = 0;
		};
/* End PBXFrameworksBuildPhase section */

/* Begin PBXGroup section */
		30385CA021720AFA002F648A = {
			isa = PBXGroup;
			children = (
				30385CAB21720AFA002F648A /* rush01 */,
				30385CAA21720AFA002F648A /* Products */,
				7801DE97FBC5534AC28655E2 /* Pods */,
				F0A4D9D65EE0D659BC42E54F /* Frameworks */,
			);
			sourceTree = "<group>";
		};
		30385CAA21720AFA002F648A /* Products */ = {
			isa = PBXGroup;
			children = (
				30385CA921720AFA002F648A /* rush01.app */,
			);
			name = Products;
			sourceTree = "<group>";
		};
		30385CAB21720AFA002F648A /* rush01 */ = {
			isa = PBXGroup;
			children = (
				30385CAC21720AFA002F648A /* AppDelegate.swift */,
				30385CAE21720AFA002F648A /* ViewController.swift */,
				30385CB021720AFA002F648A /* Main.storyboard */,
				30385CB621720AFA002F648A /* Assets.xcassets */,
				30385CB821720AFA002F648A /* LaunchScreen.storyboard */,
				30385CBB21720AFA002F648A /* Info.plist */,
				30385CB321720AFA002F648A /* rush01.xcdatamodeld */,
			);
			path = rush01;
			sourceTree = "<group>";
		};
		7801DE97FBC5534AC28655E2 /* Pods */ = {
			isa = PBXGroup;
			children = (
				A7885A78BB2CC6C3E4A7F625 /* Pods-rush01.debug.xcconfig */,
				88849083D4819DDEA49BABCA /* Pods-rush01.release.xcconfig */,
			);
			name = Pods;
			sourceTree = "<group>";
		};
		F0A4D9D65EE0D659BC42E54F /* Frameworks */ = {
			isa = PBXGroup;
			children = (
				C7F4379CB4171B0ED2FA8946 /* Pods_rush01.framework */,
			);
			name = Frameworks;
			sourceTree = "<group>";
		};
/* End PBXGroup section */

/* Begin PBXNativeTarget section */
		30385CA821720AFA002F648A /* rush01 */ = {
			isa = PBXNativeTarget;
			buildConfigurationList = 30385CBE21720AFA002F648A /* Build configuration list for PBXNativeTarget "rush01" */;
			buildPhases = (
				BFE122CC087FB7D416EAAEDF /* [CP] Check Pods Manifest.lock */,
				30385CA521720AFA002F648A /* Sources */,
				30385CA621720AFA002F648A /* Frameworks */,
				30385CA721720AFA002F648A /* Resources */,
				79E5E1883C9DE9972AD7E80A /* [CP] Embed Pods Frameworks */,
			);
			buildRules = (
			);
			dependencies = (
			);
			name = rush01;
			productName = rush01;
			productReference = 30385CA921720AFA002F648A /* rush01.app */;
			productType = "com.apple.product-type.application";
		};
/* End PBXNativeTarget section */

/* Begin PBXProject section */
		30385CA121720AFA002F648A /* Project object */ = {
			isa = PBXProject;
			attributes = {
				LastSwiftUpdateCheck = 0920;
				LastUpgradeCheck = 0920;
				ORGANIZATIONNAME = "Ivan Zelenskyi";
				TargetAttributes = {
					30385CA821720AFA002F648A = {
						CreatedOnToolsVersion = 9.2;
						ProvisioningStyle = Automatic;
					};
				};
			};
			buildConfigurationList = 30385CA421720AFA002F648A /* Build configuration list for PBXProject "rush01" */;
			compatibilityVersion = "Xcode 8.0";
			developmentRegion = en;
			hasScannedForEncodings = 0;
			knownRegions = (
				en,
				Base,
			);
			mainGroup = 30385CA021720AFA002F648A;
			productRefGroup = 30385CAA21720AFA002F648A /* Products */;
			projectDirPath = "";
			projectRoot = "";
			targets = (
				30385CA821720AFA002F648A /* rush01 */,
			);
		};
/* End PBXProject section */

/* Begin PBXResourcesBuildPhase section */
		30385CA721720AFA002F648A /* Resources */ = {
			isa = PBXResourcesBuildPhase;
			buildActionMask = 2147483647;
			files = (
				30385CBA21720AFA002F648A /* LaunchScreen.storyboard in Resources */,
				30385CB721720AFA002F648A /* Assets.xcassets in Resources */,
				30385CB221720AFA002F648A /* Main.storyboard in Resources */,
			);
			runOnlyForDeploymentPostprocessing = 0;
		};
/* End PBXResourcesBuildPhase section */

/* Begin PBXShellScriptBuildPhase section */
		79E5E1883C9DE9972AD7E80A /* [CP] Embed Pods Frameworks */ = {
			isa = PBXShellScriptBuildPhase;
			buildActionMask = 2147483647;
			files = (
			);
			inputPaths = (
				"${SRCROOT}/Pods/Target Support Files/Pods-rush01/Pods-rush01-frameworks.sh",
				"${PODS_ROOT}/Mapbox-iOS-SDK/dynamic/Mapbox.framework",
				"${PODS_ROOT}/Mapbox-iOS-SDK/dynamic/Mapbox.framework.dSYM",
				"${BUILT_PRODUCTS_DIR}/MapboxCoreNavigation/MapboxCoreNavigation.framework",
				"${BUILT_PRODUCTS_DIR}/MapboxDirections.swift/MapboxDirections.framework",
				"${BUILT_PRODUCTS_DIR}/MapboxGeocoder.swift/MapboxGeocoder.framework",
				"${BUILT_PRODUCTS_DIR}/MapboxMobileEvents/MapboxMobileEvents.framework",
				"${BUILT_PRODUCTS_DIR}/MapboxNavigation/MapboxNavigation.framework",
				"${BUILT_PRODUCTS_DIR}/MapboxSpeech/MapboxSpeech.framework",
				"${BUILT_PRODUCTS_DIR}/Polyline/Polyline.framework",
				"${BUILT_PRODUCTS_DIR}/Solar/Solar.framework",
				"${BUILT_PRODUCTS_DIR}/Turf/Turf.framework",
			);
			name = "[CP] Embed Pods Frameworks";
			outputPaths = (
				"${TARGET_BUILD_DIR}/${FRAMEWORKS_FOLDER_PATH}/Mapbox.framework",
				"${DWARF_DSYM_FOLDER_PATH}/Mapbox.framework.dSYM",
				"${TARGET_BUILD_DIR}/${FRAMEWORKS_FOLDER_PATH}/MapboxCoreNavigation.framework",
				"${TARGET_BUILD_DIR}/${FRAMEWORKS_FOLDER_PATH}/MapboxDirections.framework",
				"${TARGET_BUILD_DIR}/${FRAMEWORKS_FOLDER_PATH}/MapboxGeocoder.framework",
				"${TARGET_BUILD_DIR}/${FRAMEWORKS_FOLDER_PATH}/MapboxMobileEvents.framework",
				"${TARGET_BUILD_DIR}/${FRAMEWORKS_FOLDER_PATH}/MapboxNavigation.framework",
				"${TARGET_BUILD_DIR}/${FRAMEWORKS_FOLDER_PATH}/MapboxSpeech.framework",
				"${TARGET_BUILD_DIR}/${FRAMEWORKS_FOLDER_PATH}/Polyline.framework",
				"${TARGET_BUILD_DIR}/${FRAMEWORKS_FOLDER_PATH}/Solar.framework",
				"${TARGET_BUILD_DIR}/${FRAMEWORKS_FOLDER_PATH}/Turf.framework",
			);
			runOnlyForDeploymentPostprocessing = 0;
			shellPath = /bin/sh;
			shellScript = "\"${SRCROOT}/Pods/Target Support Files/Pods-rush01/Pods-rush01-frameworks.sh\"\n";
			showEnvVarsInLog = 0;
		};
		BFE122CC087FB7D416EAAEDF /* [CP] Check Pods Manifest.lock */ = {
			isa = PBXShellScriptBuildPhase;
			buildActionMask = 2147483647;
			files = (
			);
			inputPaths = (
				"${PODS_PODFILE_DIR_PATH}/Podfile.lock",
				"${PODS_ROOT}/Manifest.lock",
			);
			name = "[CP] Check Pods Manifest.lock";
			outputPaths = (
				"$(DERIVED_FILE_DIR)/Pods-rush01-checkManifestLockResult.txt",
			);
			runOnlyForDeploymentPostprocessing = 0;
			shellPath = /bin/sh;
			shellScript = "diff \"${PODS_PODFILE_DIR_PATH}/Podfile.lock\" \"${PODS_ROOT}/Manifest.lock\" > /dev/null\nif [ $? != 0 ] ; then\n    # print error to STDERR\n    echo \"error: The sandbox is not in sync with the Podfile.lock. Run 'pod install' or update your CocoaPods installation.\" >&2\n    exit 1\nfi\n# This output is used by Xcode 'outputs' to avoid re-running this script phase.\necho \"SUCCESS\" > \"${SCRIPT_OUTPUT_FILE_0}\"\n";
			showEnvVarsInLog = 0;
		};
/* End PBXShellScriptBuildPhase section */

/* Begin PBXSourcesBuildPhase section */
		30385CA521720AFA002F648A /* Sources */ = {
			isa = PBXSourcesBuildPhase;
			buildActionMask = 2147483647;
			files = (
				30385CAF21720AFA002F648A /* ViewController.swift in Sources */,
				30385CAD21720AFA002F648A /* AppDelegate.swift in Sources */,
				30385CB521720AFA002F648A /* rush01.xcdatamodeld in Sources */,
			);
			runOnlyForDeploymentPostprocessing = 0;
		};
/* End PBXSourcesBuildPhase section */

/* Begin PBXVariantGroup section */
		30385CB021720AFA002F648A /* Main.storyboard */ = {
			isa = PBXVariantGroup;
			children = (
				30385CB121720AFA002F648A /* Base */,
			);
			name = Main.storyboard;
			sourceTree = "<group>";
		};
		30385CB821720AFA002F648A /* LaunchScreen.storyboard */ = {
			isa = PBXVariantGroup;
			children = (
				30385CB921720AFA002F648A /* Base */,
			);
			name = LaunchScreen.storyboard;
			sourceTree = "<group>";
		};
/* End PBXVariantGroup section */

/* Begin XCBuildConfiguration section */
		30385CBC21720AFA002F648A /* Debug */ = {
			isa = XCBuildConfiguration;
			buildSettings = {
				ALWAYS_SEARCH_USER_PATHS = NO;
				CLANG_ANALYZER_NONNULL = YES;
				CLANG_ANALYZER_NUMBER_OBJECT_CONVERSION = YES_AGGRESSIVE;
				CLANG_CXX_LANGUAGE_STANDARD = "gnu++14";
				CLANG_CXX_LIBRARY = "libc++";
				CLANG_ENABLE_MODULES = YES;
				CLANG_ENABLE_OBJC_ARC = YES;
				CLANG_WARN_BLOCK_CAPTURE_AUTORELEASING = YES;
				CLANG_WARN_BOOL_CONVERSION = YES;
				CLANG_WARN_COMMA = YES;
				CLANG_WARN_CONSTANT_CONVERSION = YES;
				CLANG_WARN_DIRECT_OBJC_ISA_USAGE = YES_ERROR;
				CLANG_WARN_DOCUMENTATION_COMMENTS = YES;
				CLANG_WARN_EMPTY_BODY = YES;
				CLANG_WARN_ENUM_CONVERSION = YES;
				CLANG_WARN_INFINITE_RECURSION = YES;
				CLANG_WARN_INT_CONVERSION = YES;
				CLANG_WARN_NON_LITERAL_NULL_CONVERSION = YES;
				CLANG_WARN_OBJC_LITERAL_CONVERSION = YES;
				CLANG_WARN_OBJC_ROOT_CLASS = YES_ERROR;
				CLANG_WARN_RANGE_LOOP_ANALYSIS = YES;
				CLANG_WARN_STRICT_PROTOTYPES = YES;
				CLANG_WARN_SUSPICIOUS_MOVE = YES;
				CLANG_WARN_UNGUARDED_AVAILABILITY = YES_AGGRESSIVE;
				CLANG_WARN_UNREACHABLE_CODE = YES;
				CLANG_WARN__DUPLICATE_METHOD_MATCH = YES;
				CODE_SIGN_IDENTITY = "iPhone Developer";
				COPY_PHASE_STRIP = NO;
				DEBUG_INFORMATION_FORMAT = dwarf;
				ENABLE_STRICT_OBJC_MSGSEND = YES;
				ENABLE_TESTABILITY = YES;
				GCC_C_LANGUAGE_STANDARD = gnu11;
				GCC_DYNAMIC_NO_PIC = NO;
				GCC_NO_COMMON_BLOCKS = YES;
				GCC_OPTIMIZATION_LEVEL = 0;
				GCC_PREPROCESSOR_DEFINITIONS = (
					"DEBUG=1",
					"$(inherited)",
				);
				GCC_WARN_64_TO_32_BIT_CONVERSION = YES;
				GCC_WARN_ABOUT_RETURN_TYPE = YES_ERROR;
				GCC_WARN_UNDECLARED_SELECTOR = YES;
				GCC_WARN_UNINITIALIZED_AUTOS = YES_AGGRESSIVE;
				GCC_WARN_UNUSED_FUNCTION = YES;
				GCC_WARN_UNUSED_VARIABLE = YES;
				IPHONEOS_DEPLOYMENT_TARGET = 11.2;
				MTL_ENABLE_DEBUG_INFO = YES;
				ONLY_ACTIVE_ARCH = YES;
				SDKROOT = iphoneos;
				SWIFT_ACTIVE_COMPILATION_CONDITIONS = DEBUG;
				SWIFT_OPTIMIZATION_LEVEL = "-Onone";
			};
			name = Debug;
		};
		30385CBD21720AFA002F648A /* Release */ = {
			isa = XCBuildConfiguration;
			buildSettings = {
				ALWAYS_SEARCH_USER_PATHS = NO;
				CLANG_ANALYZER_NONNULL = YES;
				CLANG_ANALYZER_NUMBER_OBJECT_CONVERSION = YES_AGGRESSIVE;
				CLANG_CXX_LANGUAGE_STANDARD = "gnu++14";
				CLANG_CXX_LIBRARY = "libc++";
				CLANG_ENABLE_MODULES = YES;
				CLANG_ENABLE_OBJC_ARC = YES;
				CLANG_WARN_BLOCK_CAPTURE_AUTORELEASING = YES;
				CLANG_WARN_BOOL_CONVERSION = YES;
				CLANG_WARN_COMMA = YES;
				CLANG_WARN_CONSTANT_CONVERSION = YES;
				CLANG_WARN_DIRECT_OBJC_ISA_USAGE = YES_ERROR;
				CLANG_WARN_DOCUMENTATION_COMMENTS = YES;
				CLANG_WARN_EMPTY_BODY = YES;
				CLANG_WARN_ENUM_CONVERSION = YES;
				CLANG_WARN_INFINITE_RECURSION = YES;
				CLANG_WARN_INT_CONVERSION = YES;
				CLANG_WARN_NON_LITERAL_NULL_CONVERSION = YES;
				CLANG_WARN_OBJC_LITERAL_CONVERSION = YES;
				CLANG_WARN_OBJC_ROOT_CLASS = YES_ERROR;
				CLANG_WARN_RANGE_LOOP_ANALYSIS = YES;
				CLANG_WARN_STRICT_PROTOTYPES = YES;
				CLANG_WARN_SUSPICIOUS_MOVE = YES;
				CLANG_WARN_UNGUARDED_AVAILABILITY = YES_AGGRESSIVE;
				CLANG_WARN_UNREACHABLE_CODE = YES;
				CLANG_WARN__DUPLICATE_METHOD_MATCH = YES;
				CODE_SIGN_IDENTITY = "iPhone Developer";
				COPY_PHASE_STRIP = NO;
				DEBUG_INFORMATION_FORMAT = "dwarf-with-dsym";
				ENABLE_NS_ASSERTIONS = NO;
				ENABLE_STRICT_OBJC_MSGSEND = YES;
				GCC_C_LANGUAGE_STANDARD = gnu11;
				GCC_NO_COMMON_BLOCKS = YES;
				GCC_WARN_64_TO_32_BIT_CONVERSION = YES;
				GCC_WARN_ABOUT_RETURN_TYPE = YES_ERROR;
				GCC_WARN_UNDECLARED_SELECTOR = YES;
				GCC_WARN_UNINITIALIZED_AUTOS = YES_AGGRESSIVE;
				GCC_WARN_UNUSED_FUNCTION = YES;
				GCC_WARN_UNUSED_VARIABLE = YES;
				IPHONEOS_DEPLOYMENT_TARGET = 11.2;
				MTL_ENABLE_DEBUG_INFO = NO;
				SDKROOT = iphoneos;
				SWIFT_OPTIMIZATION_LEVEL = "-Owholemodule";
				VALIDATE_PRODUCT = YES;
			};
			name = Release;
		};
		30385CBF21720AFA002F648A /* Debug */ = {
			isa = XCBuildConfiguration;
			baseConfigurationReference = A7885A78BB2CC6C3E4A7F625 /* Pods-rush01.debug.xcconfig */;
			buildSettings = {
				ASSETCATALOG_COMPILER_APPICON_NAME = AppIcon;
				CODE_SIGN_STYLE = Automatic;
				INFOPLIST_FILE = rush01/Info.plist;
				LD_RUNPATH_SEARCH_PATHS = "$(inherited) @executable_path/Frameworks";
				PRODUCT_BUNDLE_IDENTIFIER = izelensk.rush01;
				PRODUCT_NAME = "$(TARGET_NAME)";
				SWIFT_VERSION = 4.0;
				TARGETED_DEVICE_FAMILY = "1,2";
			};
			name = Debug;
		};
		30385CC021720AFA002F648A /* Release */ = {
			isa = XCBuildConfiguration;
			baseConfigurationReference = 88849083D4819DDEA49BABCA /* Pods-rush01.release.xcconfig */;
			buildSettings = {
				ASSETCATALOG_COMPILER_APPICON_NAME = AppIcon;
				CODE_SIGN_STYLE = Automatic;
				INFOPLIST_FILE = rush01/Info.plist;
				LD_RUNPATH_SEARCH_PATHS = "$(inherited) @executable_path/Frameworks";
				PRODUCT_BUNDLE_IDENTIFIER = izelensk.rush01;
				PRODUCT_NAME = "$(TARGET_NAME)";
				SWIFT_VERSION = 4.0;
				TARGETED_DEVICE_FAMILY = "1,2";
			};
			name = Release;
		};
/* End XCBuildConfiguration section */

/* Begin XCConfigurationList section */
		30385CA421720AFA002F648A /* Build configuration list for PBXProject "rush01" */ = {
			isa = XCConfigurationList;
			buildConfigurations = (
				30385CBC21720AFA002F648A /* Debug */,
				30385CBD21720AFA002F648A /* Release */,
			);
			defaultConfigurationIsVisible = 0;
			defaultConfigurationName = Release;
		};
		30385CBE21720AFA002F648A /* Build configuration list for PBXNativeTarget "rush01" */ = {
			isa = XCConfigurationList;
			buildConfigurations = (
				30385CBF21720AFA002F648A /* Debug */,
				30385CC021720AFA002F648A /* Release */,
			);
			defaultConfigurationIsVisible = 0;
			defaultConfigurationName = Release;
		};
/* End XCConfigurationList section */

/* Begin XCVersionGroup section */
		30385CB321720AFA002F648A /* rush01.xcdatamodeld */ = {
			isa = XCVersionGroup;
			children = (
				30385CB421720AFA002F648A /* rush01.xcdatamodel */,
			);
			currentVersion = 30385CB421720AFA002F648A /* rush01.xcdatamodel */;
			path = rush01.xcdatamodeld;
			sourceTree = "<group>";
			versionGroupType = wrapper.xcdatamodel;
		};
/* End XCVersionGroup section */
	};
	rootObject = 30385CA121720AFA002F648A /* Project object */;
}
