// !$*UTF8*$!
{
	archiveVersion = 1;
	classes = {
	};
	objectVersion = 48;
	objects = {

/* Begin PBXBuildFile section */
		303AD0B12166642E00E1073F /* AppDelegate.swift in Sources */ = {isa = PBXBuildFile; fileRef = 303AD0B02166642E00E1073F /* AppDelegate.swift */; };
		303AD0B32166642E00E1073F /* ViewController.swift in Sources */ = {isa = PBXBuildFile; fileRef = 303AD0B22166642E00E1073F /* ViewController.swift */; };
		303AD0B62166642E00E1073F /* Main.storyboard in Resources */ = {isa = PBXBuildFile; fileRef = 303AD0B42166642E00E1073F /* Main.storyboard */; };
		303AD0B82166642E00E1073F /* Assets.xcassets in Resources */ = {isa = PBXBuildFile; fileRef = 303AD0B72166642E00E1073F /* Assets.xcassets */; };
		303AD0BB2166642E00E1073F /* LaunchScreen.storyboard in Resources */ = {isa = PBXBuildFile; fileRef = 303AD0B92166642E00E1073F /* LaunchScreen.storyboard */; };
		306F07592166760100BFD058 /* CollectionViewCell.swift in Sources */ = {isa = PBXBuildFile; fileRef = 306F07582166760100BFD058 /* CollectionViewCell.swift */; };
		30CFAA182167AC32000F5760 /* FullImageController.swift in Sources */ = {isa = PBXBuildFile; fileRef = 30CFAA172167AC32000F5760 /* FullImageController.swift */; };
/* End PBXBuildFile section */

/* Begin PBXFileReference section */
		303AD0AD2166642E00E1073F /* day03.app */ = {isa = PBXFileReference; explicitFileType = wrapper.application; includeInIndex = 0; path = day03.app; sourceTree = BUILT_PRODUCTS_DIR; };
		303AD0B02166642E00E1073F /* AppDelegate.swift */ = {isa = PBXFileReference; lastKnownFileType = sourcecode.swift; path = AppDelegate.swift; sourceTree = "<group>"; };
		303AD0B22166642E00E1073F /* ViewController.swift */ = {isa = PBXFileReference; lastKnownFileType = sourcecode.swift; path = ViewController.swift; sourceTree = "<group>"; };
		303AD0B52166642E00E1073F /* Base */ = {isa = PBXFileReference; lastKnownFileType = file.storyboard; name = Base; path = Base.lproj/Main.storyboard; sourceTree = "<group>"; };
		303AD0B72166642E00E1073F /* Assets.xcassets */ = {isa = PBXFileReference; lastKnownFileType = folder.assetcatalog; path = Assets.xcassets; sourceTree = "<group>"; };
		303AD0BA2166642E00E1073F /* Base */ = {isa = PBXFileReference; lastKnownFileType = file.storyboard; name = Base; path = Base.lproj/LaunchScreen.storyboard; sourceTree = "<group>"; };
		303AD0BC2166642E00E1073F /* Info.plist */ = {isa = PBXFileReference; lastKnownFileType = text.plist.xml; path = Info.plist; sourceTree = "<group>"; };
		306F07582166760100BFD058 /* CollectionViewCell.swift */ = {isa = PBXFileReference; lastKnownFileType = sourcecode.swift; path = CollectionViewCell.swift; sourceTree = "<group>"; };
		30CFAA172167AC32000F5760 /* FullImageController.swift */ = {isa = PBXFileReference; lastKnownFileType = sourcecode.swift; path = FullImageController.swift; sourceTree = "<group>"; };
/* End PBXFileReference section */

/* Begin PBXFrameworksBuildPhase section */
		303AD0AA2166642E00E1073F /* Frameworks */ = {
			isa = PBXFrameworksBuildPhase;
			buildActionMask = 2147483647;
			files = (
			);
			runOnlyForDeploymentPostprocessing = 0;
		};
/* End PBXFrameworksBuildPhase section */

/* Begin PBXGroup section */
		303AD0A42166642E00E1073F = {
			isa = PBXGroup;
			children = (
				303AD0AF2166642E00E1073F /* day03 */,
				303AD0AE2166642E00E1073F /* Products */,
			);
			sourceTree = "<group>";
		};
		303AD0AE2166642E00E1073F /* Products */ = {
			isa = PBXGroup;
			children = (
				303AD0AD2166642E00E1073F /* day03.app */,
			);
			name = Products;
			sourceTree = "<group>";
		};
		303AD0AF2166642E00E1073F /* day03 */ = {
			isa = PBXGroup;
			children = (
				303AD0CA21666E6C00E1073F /* imgs */,
				303AD0B02166642E00E1073F /* AppDelegate.swift */,
				303AD0B22166642E00E1073F /* ViewController.swift */,
				306F07582166760100BFD058 /* CollectionViewCell.swift */,
				303AD0B42166642E00E1073F /* Main.storyboard */,
				30CFAA172167AC32000F5760 /* FullImageController.swift */,
				303AD0B72166642E00E1073F /* Assets.xcassets */,
				303AD0B92166642E00E1073F /* LaunchScreen.storyboard */,
				303AD0BC2166642E00E1073F /* Info.plist */,
			);
			path = day03;
			sourceTree = "<group>";
		};
		303AD0CA21666E6C00E1073F /* imgs */ = {
			isa = PBXGroup;
			children = (
			);
			path = imgs;
			sourceTree = "<group>";
		};
/* End PBXGroup section */

/* Begin PBXNativeTarget section */
		303AD0AC2166642E00E1073F /* day03 */ = {
			isa = PBXNativeTarget;
			buildConfigurationList = 303AD0BF2166642E00E1073F /* Build configuration list for PBXNativeTarget "day03" */;
			buildPhases = (
				303AD0A92166642E00E1073F /* Sources */,
				303AD0AA2166642E00E1073F /* Frameworks */,
				303AD0AB2166642E00E1073F /* Resources */,
			);
			buildRules = (
			);
			dependencies = (
			);
			name = day03;
			productName = day03;
			productReference = 303AD0AD2166642E00E1073F /* day03.app */;
			productType = "com.apple.product-type.application";
		};
/* End PBXNativeTarget section */

/* Begin PBXProject section */
		303AD0A52166642E00E1073F /* Project object */ = {
			isa = PBXProject;
			attributes = {
				LastSwiftUpdateCheck = 0920;
				LastUpgradeCheck = 0920;
				ORGANIZATIONNAME = "Ivan Zelenskyi";
				TargetAttributes = {
					303AD0AC2166642E00E1073F = {
						CreatedOnToolsVersion = 9.2;
						ProvisioningStyle = Automatic;
					};
				};
			};
			buildConfigurationList = 303AD0A82166642E00E1073F /* Build configuration list for PBXProject "day03" */;
			compatibilityVersion = "Xcode 8.0";
			developmentRegion = en;
			hasScannedForEncodings = 0;
			knownRegions = (
				en,
				Base,
			);
			mainGroup = 303AD0A42166642E00E1073F;
			productRefGroup = 303AD0AE2166642E00E1073F /* Products */;
			projectDirPath = "";
			projectRoot = "";
			targets = (
				303AD0AC2166642E00E1073F /* day03 */,
			);
		};
/* End PBXProject section */

/* Begin PBXResourcesBuildPhase section */
		303AD0AB2166642E00E1073F /* Resources */ = {
			isa = PBXResourcesBuildPhase;
			buildActionMask = 2147483647;
			files = (
				303AD0BB2166642E00E1073F /* LaunchScreen.storyboard in Resources */,
				303AD0B82166642E00E1073F /* Assets.xcassets in Resources */,
				303AD0B62166642E00E1073F /* Main.storyboard in Resources */,
			);
			runOnlyForDeploymentPostprocessing = 0;
		};
/* End PBXResourcesBuildPhase section */

/* Begin PBXSourcesBuildPhase section */
		303AD0A92166642E00E1073F /* Sources */ = {
			isa = PBXSourcesBuildPhase;
			buildActionMask = 2147483647;
			files = (
				303AD0B32166642E00E1073F /* ViewController.swift in Sources */,
				303AD0B12166642E00E1073F /* AppDelegate.swift in Sources */,
				30CFAA182167AC32000F5760 /* FullImageController.swift in Sources */,
				306F07592166760100BFD058 /* CollectionViewCell.swift in Sources */,
			);
			runOnlyForDeploymentPostprocessing = 0;
		};
/* End PBXSourcesBuildPhase section */

/* Begin PBXVariantGroup section */
		303AD0B42166642E00E1073F /* Main.storyboard */ = {
			isa = PBXVariantGroup;
			children = (
				303AD0B52166642E00E1073F /* Base */,
			);
			name = Main.storyboard;
			sourceTree = "<group>";
		};
		303AD0B92166642E00E1073F /* LaunchScreen.storyboard */ = {
			isa = PBXVariantGroup;
			children = (
				303AD0BA2166642E00E1073F /* Base */,
			);
			name = LaunchScreen.storyboard;
			sourceTree = "<group>";
		};
/* End PBXVariantGroup section */

/* Begin XCBuildConfiguration section */
		303AD0BD2166642E00E1073F /* Debug */ = {
			isa = XCBuildConfiguration;
			buildSettings = {
				ALWAYS_SEARCH_USER_PATHS = NO;
				CLANG_ANALYZER_NONNULL = YES;
				CLANG_ANALYZER_NUMBER_OBJECT_CONVERSION = YES_AGGRESSIVE;
				CLANG_CXX_LANGUAGE_STANDARD = "gnu++14";
				CLANG_CXX_LIBRARY = "libc++";
				CLANG_ENABLE_MODULES = YES;
				CLANG_ENABLE_OBJC_ARC = YES;
				CLANG_WARN_BLOCK_CAPTURE_AUTORELEASING = YES;
				CLANG_WARN_BOOL_CONVERSION = YES;
				CLANG_WARN_COMMA = YES;
				CLANG_WARN_CONSTANT_CONVERSION = YES;
				CLANG_WARN_DIRECT_OBJC_ISA_USAGE = YES_ERROR;
				CLANG_WARN_DOCUMENTATION_COMMENTS = YES;
				CLANG_WARN_EMPTY_BODY = YES;
				CLANG_WARN_ENUM_CONVERSION = YES;
				CLANG_WARN_INFINITE_RECURSION = YES;
				CLANG_WARN_INT_CONVERSION = YES;
				CLANG_WARN_NON_LITERAL_NULL_CONVERSION = YES;
				CLANG_WARN_OBJC_LITERAL_CONVERSION = YES;
				CLANG_WARN_OBJC_ROOT_CLASS = YES_ERROR;
				CLANG_WARN_RANGE_LOOP_ANALYSIS = YES;
				CLANG_WARN_STRICT_PROTOTYPES = YES;
				CLANG_WARN_SUSPICIOUS_MOVE = YES;
				CLANG_WARN_UNGUARDED_AVAILABILITY = YES_AGGRESSIVE;
				CLANG_WARN_UNREACHABLE_CODE = YES;
				CLANG_WARN__DUPLICATE_METHOD_MATCH = YES;
				CODE_SIGN_IDENTITY = "iPhone Developer";
				COPY_PHASE_STRIP = NO;
				DEBUG_INFORMATION_FORMAT = dwarf;
				ENABLE_STRICT_OBJC_MSGSEND = YES;
				ENABLE_TESTABILITY = YES;
				GCC_C_LANGUAGE_STANDARD = gnu11;
				GCC_DYNAMIC_NO_PIC = NO;
				GCC_NO_COMMON_BLOCKS = YES;
				GCC_OPTIMIZATION_LEVEL = 0;
				GCC_PREPROCESSOR_DEFINITIONS = (
					"DEBUG=1",
					"$(inherited)",
				);
				GCC_WARN_64_TO_32_BIT_CONVERSION = YES;
				GCC_WARN_ABOUT_RETURN_TYPE = YES_ERROR;
				GCC_WARN_UNDECLARED_SELECTOR = YES;
				GCC_WARN_UNINITIALIZED_AUTOS = YES_AGGRESSIVE;
				GCC_WARN_UNUSED_FUNCTION = YES;
				GCC_WARN_UNUSED_VARIABLE = YES;
				IPHONEOS_DEPLOYMENT_TARGET = 11.2;
				MTL_ENABLE_DEBUG_INFO = YES;
				ONLY_ACTIVE_ARCH = YES;
				SDKROOT = iphoneos;
				SWIFT_ACTIVE_COMPILATION_CONDITIONS = DEBUG;
				SWIFT_OPTIMIZATION_LEVEL = "-Onone";
			};
			name = Debug;
		};
		303AD0BE2166642E00E1073F /* Release */ = {
			isa = XCBuildConfiguration;
			buildSettings = {
				ALWAYS_SEARCH_USER_PATHS = NO;
				CLANG_ANALYZER_NONNULL = YES;
				CLANG_ANALYZER_NUMBER_OBJECT_CONVERSION = YES_AGGRESSIVE;
				CLANG_CXX_LANGUAGE_STANDARD = "gnu++14";
				CLANG_CXX_LIBRARY = "libc++";
				CLANG_ENABLE_MODULES = YES;
				CLANG_ENABLE_OBJC_ARC = YES;
				CLANG_WARN_BLOCK_CAPTURE_AUTORELEASING = YES;
				CLANG_WARN_BOOL_CONVERSION = YES;
				CLANG_WARN_COMMA = YES;
				CLANG_WARN_CONSTANT_CONVERSION = YES;
				CLANG_WARN_DIRECT_OBJC_ISA_USAGE = YES_ERROR;
				CLANG_WARN_DOCUMENTATION_COMMENTS = YES;
				CLANG_WARN_EMPTY_BODY = YES;
				CLANG_WARN_ENUM_CONVERSION = YES;
				CLANG_WARN_INFINITE_RECURSION = YES;
				CLANG_WARN_INT_CONVERSION = YES;
				CLANG_WARN_NON_LITERAL_NULL_CONVERSION = YES;
				CLANG_WARN_OBJC_LITERAL_CONVERSION = YES;
				CLANG_WARN_OBJC_ROOT_CLASS = YES_ERROR;
				CLANG_WARN_RANGE_LOOP_ANALYSIS = YES;
				CLANG_WARN_STRICT_PROTOTYPES = YES;
				CLANG_WARN_SUSPICIOUS_MOVE = YES;
				CLANG_WARN_UNGUARDED_AVAILABILITY = YES_AGGRESSIVE;
				CLANG_WARN_UNREACHABLE_CODE = YES;
				CLANG_WARN__DUPLICATE_METHOD_MATCH = YES;
				CODE_SIGN_IDENTITY = "iPhone Developer";
				COPY_PHASE_STRIP = NO;
				DEBUG_INFORMATION_FORMAT = "dwarf-with-dsym";
				ENABLE_NS_ASSERTIONS = NO;
				ENABLE_STRICT_OBJC_MSGSEND = YES;
				GCC_C_LANGUAGE_STANDARD = gnu11;
				GCC_NO_COMMON_BLOCKS = YES;
				GCC_WARN_64_TO_32_BIT_CONVERSION = YES;
				GCC_WARN_ABOUT_RETURN_TYPE = YES_ERROR;
				GCC_WARN_UNDECLARED_SELECTOR = YES;
				GCC_WARN_UNINITIALIZED_AUTOS = YES_AGGRESSIVE;
				GCC_WARN_UNUSED_FUNCTION = YES;
				GCC_WARN_UNUSED_VARIABLE = YES;
				IPHONEOS_DEPLOYMENT_TARGET = 11.2;
				MTL_ENABLE_DEBUG_INFO = NO;
				SDKROOT = iphoneos;
				SWIFT_OPTIMIZATION_LEVEL = "-Owholemodule";
				VALIDATE_PRODUCT = YES;
			};
			name = Release;
		};
		303AD0C02166642E00E1073F /* Debug */ = {
			isa = XCBuildConfiguration;
			buildSettings = {
				ASSETCATALOG_COMPILER_APPICON_NAME = AppIcon;
				CODE_SIGN_STYLE = Automatic;
				INFOPLIST_FILE = day03/Info.plist;
				LD_RUNPATH_SEARCH_PATHS = "$(inherited) @executable_path/Frameworks";
				PRODUCT_BUNDLE_IDENTIFIER = izelensk.day03;
				PRODUCT_NAME = "$(TARGET_NAME)";
				SWIFT_VERSION = 4.0;
				TARGETED_DEVICE_FAMILY = "1,2";
			};
			name = Debug;
		};
		303AD0C12166642E00E1073F /* Release */ = {
			isa = XCBuildConfiguration;
			buildSettings = {
				ASSETCATALOG_COMPILER_APPICON_NAME = AppIcon;
				CODE_SIGN_STYLE = Automatic;
				INFOPLIST_FILE = day03/Info.plist;
				LD_RUNPATH_SEARCH_PATHS = "$(inherited) @executable_path/Frameworks";
				PRODUCT_BUNDLE_IDENTIFIER = izelensk.day03;
				PRODUCT_NAME = "$(TARGET_NAME)";
				SWIFT_VERSION = 4.0;
				TARGETED_DEVICE_FAMILY = "1,2";
			};
			name = Release;
		};
/* End XCBuildConfiguration section */

/* Begin XCConfigurationList section */
		303AD0A82166642E00E1073F /* Build configuration list for PBXProject "day03" */ = {
			isa = XCConfigurationList;
			buildConfigurations = (
				303AD0BD2166642E00E1073F /* Debug */,
				303AD0BE2166642E00E1073F /* Release */,
			);
			defaultConfigurationIsVisible = 0;
			defaultConfigurationName = Release;
		};
		303AD0BF2166642E00E1073F /* Build configuration list for PBXNativeTarget "day03" */ = {
			isa = XCConfigurationList;
			buildConfigurations = (
				303AD0C02166642E00E1073F /* Debug */,
				303AD0C12166642E00E1073F /* Release */,
			);
			defaultConfigurationIsVisible = 0;
			defaultConfigurationName = Release;
		};
/* End XCConfigurationList section */
	};
	rootObject = 303AD0A52166642E00E1073F /* Project object */;
}
